
Microsoft Visual Studio Solution File, Format Version 12.00
# Visual Studio Version 17
VisualStudioVersion = 17.0.31903.59
MinimumVisualStudioVersion = 10.0.40219.1
Project("{2150E333-8FDC-42A3-9474-1A3956D46DE8}") = "src", "src", "{35949DD9-819C-46E6-A6B1-51442BADCF07}"
EndProject
Project("{9A19103F-16F7-4668-BE54-9A1E7A4F7556}") = "MassTransitMQ.Domain", "src\MassTransitMQ.Domain\MassTransitMQ.Domain.csproj", "{A86F0398-95E3-48A5-B9F0-9B0F9CD1A1FB}"
EndProject
Project("{9A19103F-16F7-4668-BE54-9A1E7A4F7556}") = "MassTransitMQ.Application", "src\MassTransitMQ.Application\MassTransitMQ.Application.csproj", "{84A5EB72-803D-4070-9B41-02BF6364798C}"
EndProject
Project("{2150E333-8FDC-42A3-9474-1A3956D46DE8}") = "1 - MassTransitMQ.Presentation", "1 - MassTransitMQ.Presentation", "{FACD7A52-32CF-47A3-94CC-C21634C5BC44}"
EndProject
Project("{9A19103F-16F7-4668-BE54-9A1E7A4F7556}") = "MassTransitMQ.Producer.Api", "src\MassTransitMQ.Presentation\MassTransitMQ.Producer.Api\MassTransitMQ.Producer.Api.csproj", "{929D4DF7-2680-4166-B59B-6097119BC4B7}"
EndProject
Project("{2150E333-8FDC-42A3-9474-1A3956D46DE8}") = "5 - MassTransitMQ.Infra", "5 - MassTransitMQ.Infra", "{353BC99A-11AA-4274-9239-617D654A1291}"
EndProject
Project("{9A19103F-16F7-4668-BE54-9A1E7A4F7556}") = "MassTransitMQ.Infra.IoC", "src\MassTransitMQ.Infra\MassTransitMQ.Infra.IoC\MassTransitMQ.Infra.IoC.csproj", "{B0735782-63AC-442D-8838-0A9DA442731C}"
EndProject
Project("{2150E333-8FDC-42A3-9474-1A3956D46DE8}") = "4 - MassTransitMQ.Services", "4 - MassTransitMQ.Services", "{78B301AA-B358-463B-BD1B-611C4FF32DCD}"
EndProject
Project("{9A19103F-16F7-4668-BE54-9A1E7A4F7556}") = "MassTransitMQ.Services.Background", "src\MassTransitMQ.Services\MassTransitMQ.Services.Background\MassTransitMQ.Services.Background.csproj", "{8051CFA9-6414-4819-999B-C7C4C15CB3B2}"
EndProject
Project("{2150E333-8FDC-42A3-9474-1A3956D46DE8}") = "2 - MassTransitMQ.Application", "2 - MassTransitMQ.Application", "{A68C34BC-4FAE-4A77-BDD3-0A5680D4D5F3}"
EndProject
Project("{2150E333-8FDC-42A3-9474-1A3956D46DE8}") = "3 - MassTransitMQ.Domain", "3 - MassTransitMQ.Domain", "{9C7B41EE-37BF-4C9E-A183-1D8F9885DFFE}"
EndProject
Project("{9A19103F-16F7-4668-BE54-9A1E7A4F7556}") = "MassTransitMQ.Infra.Data", "src\MassTransitMQ.Infra\MassTransitMQ.Infra.Data\MassTransitMQ.Infra.Data.csproj", "{D2D04DA1-723D-4F12-AC1D-01BF36CFAF31}"
EndProject
Project("{FAE04EC0-301F-11D3-BF4B-00C04F79EFBC}") = "MassTransitMQ.Application.Shared", "src\MassTransitMQ.Application.Shared\MassTransitMQ.Application.Shared.csproj", "{F82D702C-972F-4E84-9474-080DCEE83949}"
EndProject
Project("{FAE04EC0-301F-11D3-BF4B-00C04F79EFBC}") = "MassTransitMQ.Background.Service", "src\MassTransitMQ.Background.Service\MassTransitMQ.Background.Service.csproj", "{0C51CEEE-259C-4E2A-AB61-4F19CCE9D9A0}"
EndProject
Global
	GlobalSection(SolutionConfigurationPlatforms) = preSolution
		Debug|Any CPU = Debug|Any CPU
		Release|Any CPU = Release|Any CPU
	EndGlobalSection
	GlobalSection(ProjectConfigurationPlatforms) = postSolution
		{A86F0398-95E3-48A5-B9F0-9B0F9CD1A1FB}.Debug|Any CPU.ActiveCfg = Debug|Any CPU
		{A86F0398-95E3-48A5-B9F0-9B0F9CD1A1FB}.Debug|Any CPU.Build.0 = Debug|Any CPU
		{A86F0398-95E3-48A5-B9F0-9B0F9CD1A1FB}.Release|Any CPU.ActiveCfg = Release|Any CPU
		{A86F0398-95E3-48A5-B9F0-9B0F9CD1A1FB}.Release|Any CPU.Build.0 = Release|Any CPU
		{84A5EB72-803D-4070-9B41-02BF6364798C}.Debug|Any CPU.ActiveCfg = Debug|Any CPU
		{84A5EB72-803D-4070-9B41-02BF6364798C}.Debug|Any CPU.Build.0 = Debug|Any CPU
		{84A5EB72-803D-4070-9B41-02BF6364798C}.Release|Any CPU.ActiveCfg = Release|Any CPU
		{84A5EB72-803D-4070-9B41-02BF6364798C}.Release|Any CPU.Build.0 = Release|Any CPU
		{929D4DF7-2680-4166-B59B-6097119BC4B7}.Debug|Any CPU.ActiveCfg = Debug|Any CPU
		{929D4DF7-2680-4166-B59B-6097119BC4B7}.Debug|Any CPU.Build.0 = Debug|Any CPU
		{929D4DF7-2680-4166-B59B-6097119BC4B7}.Release|Any CPU.ActiveCfg = Release|Any CPU
		{929D4DF7-2680-4166-B59B-6097119BC4B7}.Release|Any CPU.Build.0 = Release|Any CPU
		{B0735782-63AC-442D-8838-0A9DA442731C}.Debug|Any CPU.ActiveCfg = Debug|Any CPU
		{B0735782-63AC-442D-8838-0A9DA442731C}.Debug|Any CPU.Build.0 = Debug|Any CPU
		{B0735782-63AC-442D-8838-0A9DA442731C}.Release|Any CPU.ActiveCfg = Release|Any CPU
		{B0735782-63AC-442D-8838-0A9DA442731C}.Release|Any CPU.Build.0 = Release|Any CPU
		{8051CFA9-6414-4819-999B-C7C4C15CB3B2}.Debug|Any CPU.ActiveCfg = Debug|Any CPU
		{8051CFA9-6414-4819-999B-C7C4C15CB3B2}.Debug|Any CPU.Build.0 = Debug|Any CPU
		{8051CFA9-6414-4819-999B-C7C4C15CB3B2}.Release|Any CPU.ActiveCfg = Release|Any CPU
		{8051CFA9-6414-4819-999B-C7C4C15CB3B2}.Release|Any CPU.Build.0 = Release|Any CPU
		{D2D04DA1-723D-4F12-AC1D-01BF36CFAF31}.Debug|Any CPU.ActiveCfg = Debug|Any CPU
		{D2D04DA1-723D-4F12-AC1D-01BF36CFAF31}.Debug|Any CPU.Build.0 = Debug|Any CPU
		{D2D04DA1-723D-4F12-AC1D-01BF36CFAF31}.Release|Any CPU.ActiveCfg = Release|Any CPU
		{D2D04DA1-723D-4F12-AC1D-01BF36CFAF31}.Release|Any CPU.Build.0 = Release|Any CPU
		{F82D702C-972F-4E84-9474-080DCEE83949}.Debug|Any CPU.ActiveCfg = Debug|Any CPU
		{F82D702C-972F-4E84-9474-080DCEE83949}.Debug|Any CPU.Build.0 = Debug|Any CPU
		{F82D702C-972F-4E84-9474-080DCEE83949}.Release|Any CPU.ActiveCfg = Release|Any CPU
		{F82D702C-972F-4E84-9474-080DCEE83949}.Release|Any CPU.Build.0 = Release|Any CPU
		{0C51CEEE-259C-4E2A-AB61-4F19CCE9D9A0}.Debug|Any CPU.ActiveCfg = Debug|Any CPU
		{0C51CEEE-259C-4E2A-AB61-4F19CCE9D9A0}.Debug|Any CPU.Build.0 = Debug|Any CPU
		{0C51CEEE-259C-4E2A-AB61-4F19CCE9D9A0}.Release|Any CPU.ActiveCfg = Release|Any CPU
		{0C51CEEE-259C-4E2A-AB61-4F19CCE9D9A0}.Release|Any CPU.Build.0 = Release|Any CPU
	EndGlobalSection
	GlobalSection(SolutionProperties) = preSolution
		HideSolutionNode = FALSE
	EndGlobalSection
	GlobalSection(NestedProjects) = preSolution
		{A86F0398-95E3-48A5-B9F0-9B0F9CD1A1FB} = {9C7B41EE-37BF-4C9E-A183-1D8F9885DFFE}
		{84A5EB72-803D-4070-9B41-02BF6364798C} = {A68C34BC-4FAE-4A77-BDD3-0A5680D4D5F3}
		{FACD7A52-32CF-47A3-94CC-C21634C5BC44} = {35949DD9-819C-46E6-A6B1-51442BADCF07}
		{929D4DF7-2680-4166-B59B-6097119BC4B7} = {FACD7A52-32CF-47A3-94CC-C21634C5BC44}
		{353BC99A-11AA-4274-9239-617D654A1291} = {35949DD9-819C-46E6-A6B1-51442BADCF07}
		{B0735782-63AC-442D-8838-0A9DA442731C} = {353BC99A-11AA-4274-9239-617D654A1291}
		{78B301AA-B358-463B-BD1B-611C4FF32DCD} = {35949DD9-819C-46E6-A6B1-51442BADCF07}
		{8051CFA9-6414-4819-999B-C7C4C15CB3B2} = {78B301AA-B358-463B-BD1B-611C4FF32DCD}
		{A68C34BC-4FAE-4A77-BDD3-0A5680D4D5F3} = {35949DD9-819C-46E6-A6B1-51442BADCF07}
		{9C7B41EE-37BF-4C9E-A183-1D8F9885DFFE} = {35949DD9-819C-46E6-A6B1-51442BADCF07}
		{D2D04DA1-723D-4F12-AC1D-01BF36CFAF31} = {353BC99A-11AA-4274-9239-617D654A1291}
		{F82D702C-972F-4E84-9474-080DCEE83949} = {A68C34BC-4FAE-4A77-BDD3-0A5680D4D5F3}
		{0C51CEEE-259C-4E2A-AB61-4F19CCE9D9A0} = {FACD7A52-32CF-47A3-94CC-C21634C5BC44}
	EndGlobalSection
	GlobalSection(ExtensibilityGlobals) = postSolution
		SolutionGuid = {3ACA69E4-B286-44EE-8504-0EC588E87240}
	EndGlobalSection
EndGlobal
