
Microsoft Visual Studio Solution File, Format Version 12.00
# Visual Studio Version 17
VisualStudioVersion = 17.0.31903.59
MinimumVisualStudioVersion = 10.0.40219.1
Project("{2150E333-8FDC-42A3-9474-1A3956D46DE8}") = "src", "src", "{35949DD9-819C-46E6-A6B1-51442BADCF07}"
EndProject
Project("{9A19103F-16F7-4668-BE54-9A1E7A4F7556}") = "MassTransitMQ.Domain", "src\MassTransitMQ.Domain\MassTransitMQ.Domain.csproj", "{A86F0398-95E3-48A5-B9F0-9B0F9CD1A1FB}"
EndProject
Project("{9A19103F-16F7-4668-BE54-9A1E7A4F7556}") = "MassTransitMQ.Application", "src\MassTransitMQ.Application\MassTransitMQ.Application.csproj", "{84A5EB72-803D-4070-9B41-02BF6364798C}"
EndProject
Project("{2150E333-8FDC-42A3-9474-1A3956D46DE8}") = "1 - MassTransitMQ.Presentation", "1 - MassTransitMQ.Presentation", "{FACD7A52-32CF-47A3-94CC-C21634C5BC44}"
EndProject
Project("{9A19103F-16F7-4668-BE54-9A1E7A4F7556}") = "MassTransitMQ.Producer.Api", "src\MassTransitMQ.Presentation\MassTransitMQ.Producer.Api\MassTransitMQ.Producer.Api.csproj", "{929D4DF7-2680-4166-B59B-6097119BC4B7}"
EndProject
Project("{2150E333-8FDC-42A3-9474-1A3956D46DE8}") = "4 - MassTransitMQ.Infra", "4 - MassTransitMQ.Infra", "{353BC99A-11AA-4274-9239-617D654A1291}"
EndProject
Project("{9A19103F-16F7-4668-BE54-9A1E7A4F7556}") = "MassTransitMQ.Infra.IoC", "src\MassTransitMQ.Infra\MassTransitMQ.Infra.IoC\MassTransitMQ.Infra.IoC.csproj", "{B0735782-63AC-442D-8838-0A9DA442731C}"
EndProject
Project("{2150E333-8FDC-42A3-9474-1A3956D46DE8}") = "2 - MassTransitMQ.Application", "2 - MassTransitMQ.Application", "{A68C34BC-4FAE-4A77-BDD3-0A5680D4D5F3}"
EndProject
Project("{2150E333-8FDC-42A3-9474-1A3956D46DE8}") = "3 - MassTransitMQ.Domain", "3 - MassTransitMQ.Domain", "{9C7B41EE-37BF-4C9E-A183-1D8F9885DFFE}"
EndProject
Project("{9A19103F-16F7-4668-BE54-9A1E7A4F7556}") = "MassTransitMQ.Infra.Data", "src\MassTransitMQ.Infra\MassTransitMQ.Infra.Data\MassTransitMQ.Infra.Data.csproj", "{D2D04DA1-723D-4F12-AC1D-01BF36CFAF31}"
EndProject
Project("{9A19103F-16F7-4668-BE54-9A1E7A4F7556}") = "MassTransitMQ.Infra.Shared", "src\MassTransitMQ.Infra.Shared\MassTransitMQ.Infra.Shared.csproj", "{24BE454D-414D-4035-BEEB-B7083FA350A3}"
EndProject
Project("{FAE04EC0-301F-11D3-BF4B-00C04F79EFBC}") = "MassTransitMQ.Application.Consumer", "src\MassTransitMQ.Application.Consumer\MassTransitMQ.Application.Consumer.csproj", "{C6733A03-17B6-41E0-BF6B-7C8C39763BD4}"
EndProject
Global
	GlobalSection(SolutionConfigurationPlatforms) = preSolution
		Debug|Any CPU = Debug|Any CPU
		Release|Any CPU = Release|Any CPU
	EndGlobalSection
	GlobalSection(ProjectConfigurationPlatforms) = postSolution
		{A86F0398-95E3-48A5-B9F0-9B0F9CD1A1FB}.Debug|Any CPU.ActiveCfg = Debug|Any CPU
		{A86F0398-95E3-48A5-B9F0-9B0F9CD1A1FB}.Debug|Any CPU.Build.0 = Debug|Any CPU
		{A86F0398-95E3-48A5-B9F0-9B0F9CD1A1FB}.Release|Any CPU.ActiveCfg = Release|Any CPU
		{A86F0398-95E3-48A5-B9F0-9B0F9CD1A1FB}.Release|Any CPU.Build.0 = Release|Any CPU
		{84A5EB72-803D-4070-9B41-02BF6364798C}.Debug|Any CPU.ActiveCfg = Debug|Any CPU
		{84A5EB72-803D-4070-9B41-02BF6364798C}.Debug|Any CPU.Build.0 = Debug|Any CPU
		{84A5EB72-803D-4070-9B41-02BF6364798C}.Release|Any CPU.ActiveCfg = Release|Any CPU
		{84A5EB72-803D-4070-9B41-02BF6364798C}.Release|Any CPU.Build.0 = Release|Any CPU
		{929D4DF7-2680-4166-B59B-6097119BC4B7}.Debug|Any CPU.ActiveCfg = Debug|Any CPU
		{929D4DF7-2680-4166-B59B-6097119BC4B7}.Debug|Any CPU.Build.0 = Debug|Any CPU
		{929D4DF7-2680-4166-B59B-6097119BC4B7}.Release|Any CPU.ActiveCfg = Release|Any CPU
		{929D4DF7-2680-4166-B59B-6097119BC4B7}.Release|Any CPU.Build.0 = Release|Any CPU
		{B0735782-63AC-442D-8838-0A9DA442731C}.Debug|Any CPU.ActiveCfg = Debug|Any CPU
		{B0735782-63AC-442D-8838-0A9DA442731C}.Debug|Any CPU.Build.0 = Debug|Any CPU
		{B0735782-63AC-442D-8838-0A9DA442731C}.Release|Any CPU.ActiveCfg = Release|Any CPU
		{B0735782-63AC-442D-8838-0A9DA442731C}.Release|Any CPU.Build.0 = Release|Any CPU
		{D2D04DA1-723D-4F12-AC1D-01BF36CFAF31}.Debug|Any CPU.ActiveCfg = Debug|Any CPU
		{D2D04DA1-723D-4F12-AC1D-01BF36CFAF31}.Debug|Any CPU.Build.0 = Debug|Any CPU
		{D2D04DA1-723D-4F12-AC1D-01BF36CFAF31}.Release|Any CPU.ActiveCfg = Release|Any CPU
		{D2D04DA1-723D-4F12-AC1D-01BF36CFAF31}.Release|Any CPU.Build.0 = Release|Any CPU
		{24BE454D-414D-4035-BEEB-B7083FA350A3}.Debug|Any CPU.ActiveCfg = Debug|Any CPU
		{24BE454D-414D-4035-BEEB-B7083FA350A3}.Debug|Any CPU.Build.0 = Debug|Any CPU
		{24BE454D-414D-4035-BEEB-B7083FA350A3}.Release|Any CPU.ActiveCfg = Release|Any CPU
		{24BE454D-414D-4035-BEEB-B7083FA350A3}.Release|Any CPU.Build.0 = Release|Any CPU
		{C6733A03-17B6-41E0-BF6B-7C8C39763BD4}.Debug|Any CPU.ActiveCfg = Debug|Any CPU
		{C6733A03-17B6-41E0-BF6B-7C8C39763BD4}.Debug|Any CPU.Build.0 = Debug|Any CPU
		{C6733A03-17B6-41E0-BF6B-7C8C39763BD4}.Release|Any CPU.ActiveCfg = Release|Any CPU
		{C6733A03-17B6-41E0-BF6B-7C8C39763BD4}.Release|Any CPU.Build.0 = Release|Any CPU
	EndGlobalSection
	GlobalSection(SolutionProperties) = preSolution
		HideSolutionNode = FALSE
	EndGlobalSection
	GlobalSection(NestedProjects) = preSolution
		{A86F0398-95E3-48A5-B9F0-9B0F9CD1A1FB} = {9C7B41EE-37BF-4C9E-A183-1D8F9885DFFE}
		{84A5EB72-803D-4070-9B41-02BF6364798C} = {A68C34BC-4FAE-4A77-BDD3-0A5680D4D5F3}
		{FACD7A52-32CF-47A3-94CC-C21634C5BC44} = {35949DD9-819C-46E6-A6B1-51442BADCF07}
		{929D4DF7-2680-4166-B59B-6097119BC4B7} = {FACD7A52-32CF-47A3-94CC-C21634C5BC44}
		{353BC99A-11AA-4274-9239-617D654A1291} = {35949DD9-819C-46E6-A6B1-51442BADCF07}
		{B0735782-63AC-442D-8838-0A9DA442731C} = {353BC99A-11AA-4274-9239-617D654A1291}
		{A68C34BC-4FAE-4A77-BDD3-0A5680D4D5F3} = {35949DD9-819C-46E6-A6B1-51442BADCF07}
		{9C7B41EE-37BF-4C9E-A183-1D8F9885DFFE} = {35949DD9-819C-46E6-A6B1-51442BADCF07}
		{D2D04DA1-723D-4F12-AC1D-01BF36CFAF31} = {353BC99A-11AA-4274-9239-617D654A1291}
		{24BE454D-414D-4035-BEEB-B7083FA350A3} = {353BC99A-11AA-4274-9239-617D654A1291}
		{C6733A03-17B6-41E0-BF6B-7C8C39763BD4} = {A68C34BC-4FAE-4A77-BDD3-0A5680D4D5F3}
	EndGlobalSection
	GlobalSection(ExtensibilityGlobals) = postSolution
		SolutionGuid = {3ACA69E4-B286-44EE-8504-0EC588E87240}
	EndGlobalSection
EndGlobal
